# THIS IS AN AUTOGENERATED FILE. DO NOT EDIT THIS FILE DIRECTLY.
# yarn lockfile v1


"@nodeart/event_emitter@^1.2.2":
  version "1.2.2"
  resolved "https://registry.yarnpkg.com/@nodeart/event_emitter/-/event_emitter-1.2.2.tgz#5d416b09ff017daa014c3882accb02898e81afbf"

"@types/react@^16.3.8":
  version "16.3.12"
  resolved "https://registry.yarnpkg.com/@types/react/-/react-16.3.12.tgz#68d9146f3e9797e38ffbf22f7ed1dde91a2cfd2e"
  dependencies:
    csstype "^2.2.0"

"@xialvjun/state@^0.0.1":
  version "0.0.1"
  resolved "https://registry.yarnpkg.com/@xialvjun/state/-/state-0.0.1.tgz#3ae227b367109d978ab695a95beb7568551db2a8"
  dependencies:
    "@nodeart/event_emitter" "^1.2.2"

csstype@^2.2.0:
  version "2.3.0"
  resolved "https://registry.yarnpkg.com/csstype/-/csstype-2.3.0.tgz#062e141c78345cf814da0e0b716ad777931b08af"

typescript@^2.8.1:
  version "2.8.3"
  resolved "https://registry.yarnpkg.com/typescript/-/typescript-2.8.3.tgz#5d817f9b6f31bb871835f4edf0089f21abe6c170"
